{
  "Container": {
    "tag": "1.0.0"
  },
  "Environment": {
    "tag": "1.0.0"
  },
  "Event": {
    "tag": "1.0.0"
  },
  "History": {
    "tag": "1.0.0"
  },
  "Json": {
    "tag": "1.0.0"
  },
  "Poc": {
    "tag": "1.0.2"
  },
  "PocTest": {
    "tag": "1.0.0"
  },
  "Request": {
    "tag": "1.0.0"
  },
  "Crud": {
    "tag": "1.0.0"
  },
  "Rest": {
    "tag": "1.0.0"
  },
  "Security": {
    "tag": "1.0.0"
  },
  "Upload": {
    "tag": "1.0.0"
  }
}
